c-ares=1.34.8-r2
ca-certificates-bundle=20260909-r1
glibc-2.44-locale-posix=2.44-r7
glibc-2.44=2.44-r7
icu78-data-full=78.3-r3
ld-linux-2.44=2.44-r7
libbrotlicommon1=1.2.0-r5
libbrotlidec1=1.2.0-r5
libbrotlienc1=1.2.0-r5
libcrypto3=3.6.5-r0
libgcc=16.2.0-r1
libicu78=78.3-r3
libnghttp2-14=1.70.0-r4
libssl3=3.6.5-r0
libstdc++=16.2.0-r1
libuv=1.53.0-r0
nodejs-24=24.21.0-r3
openssl-4.0-libcrypto=4.0.3-r0
openssl-4.0-libssl=4.0.3-r0
openssl-provider-legacy-allowed=4.0.2-r3
tzdata=2026e-r0
wolfi-baselayout=20230201-r30
zlib=1.3.2.1_rc20260601-r0
